<?xml version="1.0" encoding="utf-8"?>
<Project ToolsVersion="4.0" xmlns="http://schemas.microsoft.com/developer/msbuild/2003">
  <ItemGroup>
    <Filter Include="Resource Files">
      <UniqueIdentifier>{67DA6AB6-F800-4c08-8B7A-83BB121AAD01}</UniqueIdentifier>
      <Extensions>rc;ico;cur;bmp;dlg;rc2;rct;bin;rgs;gif;jpg;jpeg;jpe;resx;tiff;tif;png;wav;mfcribbon-ms</Extensions>
    </Filter>
    <Filter Include="shaders">
      <UniqueIdentifier>{136b0075-201b-4d04-b65e-ec5f72e94c6c}</UniqueIdentifier>
    </Filter>
    <Filter Include="src">
      <UniqueIdentifier>{a1f58f61-ca96-494f-841b-e791c60cc564}</UniqueIdentifier>
    </Filter>
  </ItemGroup>
  <ItemGroup>
    <ClCompile Include="..\..\simplevr\src\block.cpp">
      <Filter>src</Filter>
    </ClCompile>
    <ClCompile Include="..\..\simplevr\src\blockscollection.cpp">
      <Filter>src</Filter>
    </ClCompile>
    <ClCompile Include="..\..\simplevr\src\cmdline.cpp">
      <Filter>src</Filter>
    </ClCompile>
    <ClCompile Include="..\..\simplevr\src\geometry.cpp">
      <Filter>src</Filter>
    </ClCompile>
    <ClCompile Include="..\..\simplevr\src\main.cpp">
      <Filter>src</Filter>
    </ClCompile>
    <ClCompile Include="..\..\simplevr\src\transferfunction.cpp">
      <Filter>src</Filter>
    </ClCompile>
    <ClCompile Include="..\..\simplevr\src\volrend.cpp">
      <Filter>src</Filter>
    </ClCompile>
  </ItemGroup>
  <ItemGroup>
    <None Include="..\..\simplevr\shaders\sub-quads-vs.glsl">
      <Filter>shaders</Filter>
    </None>
    <None Include="..\..\simplevr\shaders\simple-color-frag.glsl">
      <Filter>shaders</Filter>
    </None>
  </ItemGroup>
  <ItemGroup>
    <ClInclude Include="..\..\simplevr\src\block.h">
      <Filter>src</Filter>
    </ClInclude>
    <ClInclude Include="..\..\simplevr\src\blockscollection.h">
      <Filter>src</Filter>
    </ClInclude>
    <ClInclude Include="..\..\simplevr\src\cmdline.h">
      <Filter>src</Filter>
    </ClInclude>
    <ClInclude Include="..\..\simplevr\src\geometry.h">
      <Filter>src</Filter>
    </ClInclude>
    <ClInclude Include="..\..\simplevr\src\transferfunction.h">
      <Filter>src</Filter>
    </ClInclude>
    <ClInclude Include="..\..\simplevr\src\volrend.h">
      <Filter>src</Filter>
    </ClInclude>
    <ClInclude Include="..\..\simplevr\src\volume.h">
      <Filter>src</Filter>
    </ClInclude>
  </ItemGroup>
</Project>