
Microsoft Visual Studio Solution File, Format Version 12.00
# Visual Studio 2013
VisualStudioVersion = 12.0.31101.0
MinimumVisualStudioVersion = 10.0.40219.1
Project("{8BC9CEB8-8B4A-11D0-8D11-00A0C91BC942}") = "simplevr", "simplevr\simplevr.vcxproj", "{45A542F7-A033-4E01-8508-6616ED418AE7}"
	ProjectSection(ProjectDependencies) = postProject
		{869A3C77-30F0-43B1-9EE5-76760960543D} = {869A3C77-30F0-43B1-9EE5-76760960543D}
	EndProjectSection
EndProject
Project("{8BC9CEB8-8B4A-11D0-8D11-00A0C91BC942}") = "shared", "shared\shared.vcxproj", "{869A3C77-30F0-43B1-9EE5-76760960543D}"
EndProject
Project("{8BC9CEB8-8B4A-11D0-8D11-00A0C91BC942}") = "shared_test", "shared_test\shared_test.vcxproj", "{B1F33BA0-7A70-4856-B486-83B0D50B23C3}"
EndProject
Project("{2150E333-8FDC-42A3-9474-1A3956D46DE8}") = "shared", "shared", "{7083BEB1-1A10-4B7E-8B02-D1B0F3812D70}"
EndProject
Global
	GlobalSection(SolutionConfigurationPlatforms) = preSolution
		Debug|Mixed Platforms = Debug|Mixed Platforms
		Debug|Win32 = Debug|Win32
		Debug|x64 = Debug|x64
		Release|Mixed Platforms = Release|Mixed Platforms
		Release|Win32 = Release|Win32
		Release|x64 = Release|x64
	EndGlobalSection
	GlobalSection(ProjectConfigurationPlatforms) = postSolution
		{45A542F7-A033-4E01-8508-6616ED418AE7}.Debug|Mixed Platforms.ActiveCfg = Debug|Win32
		{45A542F7-A033-4E01-8508-6616ED418AE7}.Debug|Mixed Platforms.Build.0 = Debug|Win32
		{45A542F7-A033-4E01-8508-6616ED418AE7}.Debug|Win32.ActiveCfg = Debug|Win32
		{45A542F7-A033-4E01-8508-6616ED418AE7}.Debug|Win32.Build.0 = Debug|Win32
		{45A542F7-A033-4E01-8508-6616ED418AE7}.Debug|x64.ActiveCfg = Debug|x64
		{45A542F7-A033-4E01-8508-6616ED418AE7}.Debug|x64.Build.0 = Debug|x64
		{45A542F7-A033-4E01-8508-6616ED418AE7}.Release|Mixed Platforms.ActiveCfg = Release|Win32
		{45A542F7-A033-4E01-8508-6616ED418AE7}.Release|Mixed Platforms.Build.0 = Release|Win32
		{45A542F7-A033-4E01-8508-6616ED418AE7}.Release|Win32.ActiveCfg = Release|Win32
		{45A542F7-A033-4E01-8508-6616ED418AE7}.Release|Win32.Build.0 = Release|Win32
		{45A542F7-A033-4E01-8508-6616ED418AE7}.Release|x64.ActiveCfg = Release|x64
		{45A542F7-A033-4E01-8508-6616ED418AE7}.Release|x64.Build.0 = Release|x64
		{869A3C77-30F0-43B1-9EE5-76760960543D}.Debug|Mixed Platforms.ActiveCfg = Debug|Win32
		{869A3C77-30F0-43B1-9EE5-76760960543D}.Debug|Mixed Platforms.Build.0 = Debug|Win32
		{869A3C77-30F0-43B1-9EE5-76760960543D}.Debug|Win32.ActiveCfg = Debug|Win32
		{869A3C77-30F0-43B1-9EE5-76760960543D}.Debug|Win32.Build.0 = Debug|Win32
		{869A3C77-30F0-43B1-9EE5-76760960543D}.Debug|x64.ActiveCfg = Debug|x64
		{869A3C77-30F0-43B1-9EE5-76760960543D}.Debug|x64.Build.0 = Debug|x64
		{869A3C77-30F0-43B1-9EE5-76760960543D}.Release|Mixed Platforms.ActiveCfg = Release|Win32
		{869A3C77-30F0-43B1-9EE5-76760960543D}.Release|Mixed Platforms.Build.0 = Release|Win32
		{869A3C77-30F0-43B1-9EE5-76760960543D}.Release|Win32.ActiveCfg = Release|Win32
		{869A3C77-30F0-43B1-9EE5-76760960543D}.Release|Win32.Build.0 = Release|Win32
		{869A3C77-30F0-43B1-9EE5-76760960543D}.Release|x64.ActiveCfg = Release|Win32
		{B1F33BA0-7A70-4856-B486-83B0D50B23C3}.Debug|Mixed Platforms.ActiveCfg = Debug|x64
		{B1F33BA0-7A70-4856-B486-83B0D50B23C3}.Debug|Mixed Platforms.Build.0 = Debug|x64
		{B1F33BA0-7A70-4856-B486-83B0D50B23C3}.Debug|Win32.ActiveCfg = Debug|x64
		{B1F33BA0-7A70-4856-B486-83B0D50B23C3}.Debug|x64.ActiveCfg = Debug|x64
		{B1F33BA0-7A70-4856-B486-83B0D50B23C3}.Debug|x64.Build.0 = Debug|x64
		{B1F33BA0-7A70-4856-B486-83B0D50B23C3}.Release|Mixed Platforms.ActiveCfg = Release|x64
		{B1F33BA0-7A70-4856-B486-83B0D50B23C3}.Release|Mixed Platforms.Build.0 = Release|x64
		{B1F33BA0-7A70-4856-B486-83B0D50B23C3}.Release|Win32.ActiveCfg = Release|x64
		{B1F33BA0-7A70-4856-B486-83B0D50B23C3}.Release|x64.ActiveCfg = Release|x64
		{B1F33BA0-7A70-4856-B486-83B0D50B23C3}.Release|x64.Build.0 = Release|x64
	EndGlobalSection
	GlobalSection(SolutionProperties) = preSolution
		HideSolutionNode = FALSE
	EndGlobalSection
	GlobalSection(NestedProjects) = preSolution
		{869A3C77-30F0-43B1-9EE5-76760960543D} = {7083BEB1-1A10-4B7E-8B02-D1B0F3812D70}
		{B1F33BA0-7A70-4856-B486-83B0D50B23C3} = {7083BEB1-1A10-4B7E-8B02-D1B0F3812D70}
	EndGlobalSection
EndGlobal
